
Microsoft Visual Studio Solution File, Format Version 12.00
# Visual Studio Version 17
VisualStudioVersion = 17.3.32929.385
MinimumVisualStudioVersion = 10.0.40219.1
Project("{FAE04EC0-301F-11D3-BF4B-00C04F79EFBC}") = "SchoolNavigator", "SchoolNavigator\SchoolNavigator.csproj", "{34793A1E-98AD-45E4-82D3-D9C3A67B838B}"
EndProject
Global
	GlobalSection(SolutionConfigurationPlatforms) = preSolution
		Debug|Any CPU = Debug|Any CPU
		Release|Any CPU = Release|Any CPU
	EndGlobalSection
	GlobalSection(ProjectConfigurationPlatforms) = postSolution
		{34793A1E-98AD-45E4-82D3-D9C3A67B838B}.Debug|Any CPU.ActiveCfg = Debug|Any CPU
		{34793A1E-98AD-45E4-82D3-D9C3A67B838B}.Debug|Any CPU.Build.0 = Debug|Any CPU
		{34793A1E-98AD-45E4-82D3-D9C3A67B838B}.Release|Any CPU.ActiveCfg = Release|Any CPU
		{34793A1E-98AD-45E4-82D3-D9C3A67B838B}.Release|Any CPU.Build.0 = Release|Any CPU
	EndGlobalSection
	GlobalSection(SolutionProperties) = preSolution
		HideSolutionNode = FALSE
	EndGlobalSection
	GlobalSection(ExtensibilityGlobals) = postSolution
		SolutionGuid = {8730C058-847A-4399-920A-1209BC92FF63}
	EndGlobalSection
EndGlobal
